
Microsoft Visual Studio Solution File, Format Version 12.00
# Visual Studio Version 17
VisualStudioVersion = 17.14.36310.24
MinimumVisualStudioVersion = 10.0.40219.1
Project("{9A19103F-16F7-4668-BE54-9A1E7A4F7556}") = "WinFormsApp1", "WinFormsApp1\WinFormsApp1.csproj", "{A8001DCC-57EA-43CE-9772-CD317DF53632}"
EndProject
Project("{FAE04EC0-301F-11D3-BF4B-00C04F79EFBC}") = "WindowsFormsApp1", "WindowsFormsApp1\WindowsFormsApp1.csproj", "{5EA46BB4-21B6-40B0-AA45-CB0C6EB02C9D}"
EndProject
Project("{FAE04EC0-301F-11D3-BF4B-00C04F79EFBC}") = "AdvancedDataGridView", "AdvancedDataGridView\AdvancedDataGridView.csproj", "{B76608C0-2C68-1625-0FA0-D80151BBFB98}"
EndProject
Global
	GlobalSection(SolutionConfigurationPlatforms) = preSolution
		Debug|Any CPU = Debug|Any CPU
		Release|Any CPU = Release|Any CPU
	EndGlobalSection
	GlobalSection(ProjectConfigurationPlatforms) = postSolution
		{A8001DCC-57EA-43CE-9772-CD317DF53632}.Debug|Any CPU.ActiveCfg = Debug|Any CPU
		{A8001DCC-57EA-43CE-9772-CD317DF53632}.Debug|Any CPU.Build.0 = Debug|Any CPU
		{A8001DCC-57EA-43CE-9772-CD317DF53632}.Release|Any CPU.ActiveCfg = Release|Any CPU
		{A8001DCC-57EA-43CE-9772-CD317DF53632}.Release|Any CPU.Build.0 = Release|Any CPU
		{5EA46BB4-21B6-40B0-AA45-CB0C6EB02C9D}.Debug|Any CPU.ActiveCfg = Debug|Any CPU
		{5EA46BB4-21B6-40B0-AA45-CB0C6EB02C9D}.Debug|Any CPU.Build.0 = Debug|Any CPU
		{5EA46BB4-21B6-40B0-AA45-CB0C6EB02C9D}.Release|Any CPU.ActiveCfg = Release|Any CPU
		{5EA46BB4-21B6-40B0-AA45-CB0C6EB02C9D}.Release|Any CPU.Build.0 = Release|Any CPU
		{B76608C0-2C68-1625-0FA0-D80151BBFB98}.Debug|Any CPU.ActiveCfg = Debug|Any CPU
		{B76608C0-2C68-1625-0FA0-D80151BBFB98}.Debug|Any CPU.Build.0 = Debug|Any CPU
		{B76608C0-2C68-1625-0FA0-D80151BBFB98}.Release|Any CPU.ActiveCfg = Release|Any CPU
		{B76608C0-2C68-1625-0FA0-D80151BBFB98}.Release|Any CPU.Build.0 = Release|Any CPU
	EndGlobalSection
	GlobalSection(SolutionProperties) = preSolution
		HideSolutionNode = FALSE
	EndGlobalSection
	GlobalSection(ExtensibilityGlobals) = postSolution
		SolutionGuid = {3C35D830-E9F3-4B56-997F-57918FA68C8E}
	EndGlobalSection
EndGlobal
